
Microsoft Visual Studio Solution File, Format Version 12.00
# Visual Studio Version 16
VisualStudioVersion = 16.0.29209.62
MinimumVisualStudioVersion = 10.0.40219.1
Project("{9A19103F-16F7-4668-BE54-9A1E7A4F7556}") = "SoundByte.Core", "core\SoundByte.Core.csproj", "{4455FA4D-A5FD-4545-8465-78F338C310EC}"
EndProject
Project("{FAE04EC0-301F-11D3-BF4B-00C04F79EFBC}") = "SoundByte.App.iOS", "apps\ios\SoundByte.App.iOS.csproj", "{C3389290-7C66-47A8-A692-8114DD414C6D}"
EndProject
Project("{FAE04EC0-301F-11D3-BF4B-00C04F79EFBC}") = "SoundByte.App.UWP", "apps\uwp\SoundByte.App.UWP.csproj", "{BF3C1E87-79EE-4180-B69C-F16FEF691934}"
EndProject
Project("{FAE04EC0-301F-11D3-BF4B-00C04F79EFBC}") = "SoundByte.App.Android", "apps\android\SoundByte.App.Android.csproj", "{7823C46A-3B22-416A-AD2F-69EF9DC1B3EC}"
EndProject
Project("{2150E333-8FDC-42A3-9474-1A3956D46DE8}") = "Apps", "Apps", "{1C796698-DFC0-4340-9AFD-CD4253B9B793}"
EndProject
Project("{2150E333-8FDC-42A3-9474-1A3956D46DE8}") = "Core", "Core", "{7AC91235-A6FD-454E-81C4-15266892B7CB}"
EndProject
Project("{FAE04EC0-301F-11D3-BF4B-00C04F79EFBC}") = "SoundByte.Core.Tests", "core-tests\SoundByte.Core.Tests.csproj", "{893DBBB8-3781-4256-9427-D4B2A7C57718}"
EndProject
Global
	GlobalSection(SolutionConfigurationPlatforms) = preSolution
		Debug|Any CPU = Debug|Any CPU
		Debug|ARM = Debug|ARM
		Debug|ARM64 = Debug|ARM64
		Debug|iPhone = Debug|iPhone
		Debug|iPhoneSimulator = Debug|iPhoneSimulator
		Debug|x64 = Debug|x64
		Debug|x86 = Debug|x86
		Release|Any CPU = Release|Any CPU
		Release|ARM = Release|ARM
		Release|ARM64 = Release|ARM64
		Release|iPhone = Release|iPhone
		Release|iPhoneSimulator = Release|iPhoneSimulator
		Release|x64 = Release|x64
		Release|x86 = Release|x86
	EndGlobalSection
	GlobalSection(ProjectConfigurationPlatforms) = postSolution
		{4455FA4D-A5FD-4545-8465-78F338C310EC}.Debug|Any CPU.ActiveCfg = Debug|Any CPU
		{4455FA4D-A5FD-4545-8465-78F338C310EC}.Debug|Any CPU.Build.0 = Debug|Any CPU
		{4455FA4D-A5FD-4545-8465-78F338C310EC}.Debug|ARM.ActiveCfg = Debug|Any CPU
		{4455FA4D-A5FD-4545-8465-78F338C310EC}.Debug|ARM.Build.0 = Debug|Any CPU
		{4455FA4D-A5FD-4545-8465-78F338C310EC}.Debug|ARM64.ActiveCfg = Debug|Any CPU
		{4455FA4D-A5FD-4545-8465-78F338C310EC}.Debug|ARM64.Build.0 = Debug|Any CPU
		{4455FA4D-A5FD-4545-8465-78F338C310EC}.Debug|iPhone.ActiveCfg = Debug|Any CPU
		{4455FA4D-A5FD-4545-8465-78F338C310EC}.Debug|iPhone.Build.0 = Debug|Any CPU
		{4455FA4D-A5FD-4545-8465-78F338C310EC}.Debug|iPhoneSimulator.ActiveCfg = Debug|Any CPU
		{4455FA4D-A5FD-4545-8465-78F338C310EC}.Debug|iPhoneSimulator.Build.0 = Debug|Any CPU
		{4455FA4D-A5FD-4545-8465-78F338C310EC}.Debug|x64.ActiveCfg = Debug|Any CPU
		{4455FA4D-A5FD-4545-8465-78F338C310EC}.Debug|x64.Build.0 = Debug|Any CPU
		{4455FA4D-A5FD-4545-8465-78F338C310EC}.Debug|x86.ActiveCfg = Debug|Any CPU
		{4455FA4D-A5FD-4545-8465-78F338C310EC}.Debug|x86.Build.0 = Debug|Any CPU
		{4455FA4D-A5FD-4545-8465-78F338C310EC}.Release|Any CPU.ActiveCfg = Release|Any CPU
		{4455FA4D-A5FD-4545-8465-78F338C310EC}.Release|Any CPU.Build.0 = Release|Any CPU
		{4455FA4D-A5FD-4545-8465-78F338C310EC}.Release|ARM.ActiveCfg = Release|Any CPU
		{4455FA4D-A5FD-4545-8465-78F338C310EC}.Release|ARM.Build.0 = Release|Any CPU
		{4455FA4D-A5FD-4545-8465-78F338C310EC}.Release|ARM64.ActiveCfg = Release|Any CPU
		{4455FA4D-A5FD-4545-8465-78F338C310EC}.Release|ARM64.Build.0 = Release|Any CPU
		{4455FA4D-A5FD-4545-8465-78F338C310EC}.Release|iPhone.ActiveCfg = Release|Any CPU
		{4455FA4D-A5FD-4545-8465-78F338C310EC}.Release|iPhone.Build.0 = Release|Any CPU
		{4455FA4D-A5FD-4545-8465-78F338C310EC}.Release|iPhoneSimulator.ActiveCfg = Release|Any CPU
		{4455FA4D-A5FD-4545-8465-78F338C310EC}.Release|iPhoneSimulator.Build.0 = Release|Any CPU
		{4455FA4D-A5FD-4545-8465-78F338C310EC}.Release|x64.ActiveCfg = Release|Any CPU
		{4455FA4D-A5FD-4545-8465-78F338C310EC}.Release|x64.Build.0 = Release|Any CPU
		{4455FA4D-A5FD-4545-8465-78F338C310EC}.Release|x86.ActiveCfg = Release|Any CPU
		{4455FA4D-A5FD-4545-8465-78F338C310EC}.Release|x86.Build.0 = Release|Any CPU
		{C3389290-7C66-47A8-A692-8114DD414C6D}.Debug|Any CPU.ActiveCfg = Debug|iPhoneSimulator
		{C3389290-7C66-47A8-A692-8114DD414C6D}.Debug|Any CPU.Build.0 = Debug|iPhoneSimulator
		{C3389290-7C66-47A8-A692-8114DD414C6D}.Debug|ARM.ActiveCfg = Debug|iPhone
		{C3389290-7C66-47A8-A692-8114DD414C6D}.Debug|ARM64.ActiveCfg = Debug|iPhone
		{C3389290-7C66-47A8-A692-8114DD414C6D}.Debug|iPhone.ActiveCfg = Debug|iPhone
		{C3389290-7C66-47A8-A692-8114DD414C6D}.Debug|iPhone.Build.0 = Debug|iPhone
		{C3389290-7C66-47A8-A692-8114DD414C6D}.Debug|iPhoneSimulator.ActiveCfg = Debug|iPhoneSimulator
		{C3389290-7C66-47A8-A692-8114DD414C6D}.Debug|iPhoneSimulator.Build.0 = Debug|iPhoneSimulator
		{C3389290-7C66-47A8-A692-8114DD414C6D}.Debug|x64.ActiveCfg = Debug|iPhone
		{C3389290-7C66-47A8-A692-8114DD414C6D}.Debug|x86.ActiveCfg = Debug|iPhone
		{C3389290-7C66-47A8-A692-8114DD414C6D}.Release|Any CPU.ActiveCfg = Release|iPhoneSimulator
		{C3389290-7C66-47A8-A692-8114DD414C6D}.Release|Any CPU.Build.0 = Release|iPhoneSimulator
		{C3389290-7C66-47A8-A692-8114DD414C6D}.Release|ARM.ActiveCfg = Release|iPhone
		{C3389290-7C66-47A8-A692-8114DD414C6D}.Release|ARM64.ActiveCfg = Release|iPhone
		{C3389290-7C66-47A8-A692-8114DD414C6D}.Release|iPhone.ActiveCfg = Release|iPhone
		{C3389290-7C66-47A8-A692-8114DD414C6D}.Release|iPhone.Build.0 = Release|iPhone
		{C3389290-7C66-47A8-A692-8114DD414C6D}.Release|iPhoneSimulator.ActiveCfg = Release|iPhoneSimulator
		{C3389290-7C66-47A8-A692-8114DD414C6D}.Release|iPhoneSimulator.Build.0 = Release|iPhoneSimulator
		{C3389290-7C66-47A8-A692-8114DD414C6D}.Release|x64.ActiveCfg = Release|iPhone
		{C3389290-7C66-47A8-A692-8114DD414C6D}.Release|x86.ActiveCfg = Release|iPhone
		{BF3C1E87-79EE-4180-B69C-F16FEF691934}.Debug|Any CPU.ActiveCfg = Debug|x86
		{BF3C1E87-79EE-4180-B69C-F16FEF691934}.Debug|ARM.ActiveCfg = Debug|x86
		{BF3C1E87-79EE-4180-B69C-F16FEF691934}.Debug|ARM64.ActiveCfg = Debug|ARM64
		{BF3C1E87-79EE-4180-B69C-F16FEF691934}.Debug|ARM64.Build.0 = Debug|ARM64
		{BF3C1E87-79EE-4180-B69C-F16FEF691934}.Debug|ARM64.Deploy.0 = Debug|ARM64
		{BF3C1E87-79EE-4180-B69C-F16FEF691934}.Debug|iPhone.ActiveCfg = Debug|x86
		{BF3C1E87-79EE-4180-B69C-F16FEF691934}.Debug|iPhoneSimulator.ActiveCfg = Debug|x86
		{BF3C1E87-79EE-4180-B69C-F16FEF691934}.Debug|x64.ActiveCfg = Debug|x64
		{BF3C1E87-79EE-4180-B69C-F16FEF691934}.Debug|x64.Build.0 = Debug|x64
		{BF3C1E87-79EE-4180-B69C-F16FEF691934}.Debug|x64.Deploy.0 = Debug|x64
		{BF3C1E87-79EE-4180-B69C-F16FEF691934}.Debug|x86.ActiveCfg = Debug|x86
		{BF3C1E87-79EE-4180-B69C-F16FEF691934}.Debug|x86.Build.0 = Debug|x86
		{BF3C1E87-79EE-4180-B69C-F16FEF691934}.Debug|x86.Deploy.0 = Debug|x86
		{BF3C1E87-79EE-4180-B69C-F16FEF691934}.Release|Any CPU.ActiveCfg = Release|x86
		{BF3C1E87-79EE-4180-B69C-F16FEF691934}.Release|ARM.ActiveCfg = Release|x86
		{BF3C1E87-79EE-4180-B69C-F16FEF691934}.Release|ARM64.ActiveCfg = Release|ARM64
		{BF3C1E87-79EE-4180-B69C-F16FEF691934}.Release|ARM64.Build.0 = Release|ARM64
		{BF3C1E87-79EE-4180-B69C-F16FEF691934}.Release|ARM64.Deploy.0 = Release|ARM64
		{BF3C1E87-79EE-4180-B69C-F16FEF691934}.Release|iPhone.ActiveCfg = Release|x86
		{BF3C1E87-79EE-4180-B69C-F16FEF691934}.Release|iPhoneSimulator.ActiveCfg = Release|x86
		{BF3C1E87-79EE-4180-B69C-F16FEF691934}.Release|x64.ActiveCfg = Release|x64
		{BF3C1E87-79EE-4180-B69C-F16FEF691934}.Release|x64.Build.0 = Release|x64
		{BF3C1E87-79EE-4180-B69C-F16FEF691934}.Release|x64.Deploy.0 = Release|x64
		{BF3C1E87-79EE-4180-B69C-F16FEF691934}.Release|x86.ActiveCfg = Release|x86
		{BF3C1E87-79EE-4180-B69C-F16FEF691934}.Release|x86.Build.0 = Release|x86
		{BF3C1E87-79EE-4180-B69C-F16FEF691934}.Release|x86.Deploy.0 = Release|x86
		{7823C46A-3B22-416A-AD2F-69EF9DC1B3EC}.Debug|Any CPU.ActiveCfg = Debug|Any CPU
		{7823C46A-3B22-416A-AD2F-69EF9DC1B3EC}.Debug|Any CPU.Build.0 = Debug|Any CPU
		{7823C46A-3B22-416A-AD2F-69EF9DC1B3EC}.Debug|Any CPU.Deploy.0 = Debug|Any CPU
		{7823C46A-3B22-416A-AD2F-69EF9DC1B3EC}.Debug|ARM.ActiveCfg = Debug|Any CPU
		{7823C46A-3B22-416A-AD2F-69EF9DC1B3EC}.Debug|ARM.Build.0 = Debug|Any CPU
		{7823C46A-3B22-416A-AD2F-69EF9DC1B3EC}.Debug|ARM.Deploy.0 = Debug|Any CPU
		{7823C46A-3B22-416A-AD2F-69EF9DC1B3EC}.Debug|ARM64.ActiveCfg = Debug|Any CPU
		{7823C46A-3B22-416A-AD2F-69EF9DC1B3EC}.Debug|ARM64.Build.0 = Debug|Any CPU
		{7823C46A-3B22-416A-AD2F-69EF9DC1B3EC}.Debug|ARM64.Deploy.0 = Debug|Any CPU
		{7823C46A-3B22-416A-AD2F-69EF9DC1B3EC}.Debug|iPhone.ActiveCfg = Debug|Any CPU
		{7823C46A-3B22-416A-AD2F-69EF9DC1B3EC}.Debug|iPhone.Build.0 = Debug|Any CPU
		{7823C46A-3B22-416A-AD2F-69EF9DC1B3EC}.Debug|iPhone.Deploy.0 = Debug|Any CPU
		{7823C46A-3B22-416A-AD2F-69EF9DC1B3EC}.Debug|iPhoneSimulator.ActiveCfg = Debug|Any CPU
		{7823C46A-3B22-416A-AD2F-69EF9DC1B3EC}.Debug|iPhoneSimulator.Build.0 = Debug|Any CPU
		{7823C46A-3B22-416A-AD2F-69EF9DC1B3EC}.Debug|iPhoneSimulator.Deploy.0 = Debug|Any CPU
		{7823C46A-3B22-416A-AD2F-69EF9DC1B3EC}.Debug|x64.ActiveCfg = Debug|Any CPU
		{7823C46A-3B22-416A-AD2F-69EF9DC1B3EC}.Debug|x64.Build.0 = Debug|Any CPU
		{7823C46A-3B22-416A-AD2F-69EF9DC1B3EC}.Debug|x64.Deploy.0 = Debug|Any CPU
		{7823C46A-3B22-416A-AD2F-69EF9DC1B3EC}.Debug|x86.ActiveCfg = Debug|Any CPU
		{7823C46A-3B22-416A-AD2F-69EF9DC1B3EC}.Debug|x86.Build.0 = Debug|Any CPU
		{7823C46A-3B22-416A-AD2F-69EF9DC1B3EC}.Debug|x86.Deploy.0 = Debug|Any CPU
		{7823C46A-3B22-416A-AD2F-69EF9DC1B3EC}.Release|Any CPU.ActiveCfg = Release|Any CPU
		{7823C46A-3B22-416A-AD2F-69EF9DC1B3EC}.Release|Any CPU.Build.0 = Release|Any CPU
		{7823C46A-3B22-416A-AD2F-69EF9DC1B3EC}.Release|Any CPU.Deploy.0 = Release|Any CPU
		{7823C46A-3B22-416A-AD2F-69EF9DC1B3EC}.Release|ARM.ActiveCfg = Release|Any CPU
		{7823C46A-3B22-416A-AD2F-69EF9DC1B3EC}.Release|ARM.Build.0 = Release|Any CPU
		{7823C46A-3B22-416A-AD2F-69EF9DC1B3EC}.Release|ARM.Deploy.0 = Release|Any CPU
		{7823C46A-3B22-416A-AD2F-69EF9DC1B3EC}.Release|ARM64.ActiveCfg = Release|Any CPU
		{7823C46A-3B22-416A-AD2F-69EF9DC1B3EC}.Release|ARM64.Build.0 = Release|Any CPU
		{7823C46A-3B22-416A-AD2F-69EF9DC1B3EC}.Release|ARM64.Deploy.0 = Release|Any CPU
		{7823C46A-3B22-416A-AD2F-69EF9DC1B3EC}.Release|iPhone.ActiveCfg = Release|Any CPU
		{7823C46A-3B22-416A-AD2F-69EF9DC1B3EC}.Release|iPhone.Build.0 = Release|Any CPU
		{7823C46A-3B22-416A-AD2F-69EF9DC1B3EC}.Release|iPhone.Deploy.0 = Release|Any CPU
		{7823C46A-3B22-416A-AD2F-69EF9DC1B3EC}.Release|iPhoneSimulator.ActiveCfg = Release|Any CPU
		{7823C46A-3B22-416A-AD2F-69EF9DC1B3EC}.Release|iPhoneSimulator.Build.0 = Release|Any CPU
		{7823C46A-3B22-416A-AD2F-69EF9DC1B3EC}.Release|iPhoneSimulator.Deploy.0 = Release|Any CPU
		{7823C46A-3B22-416A-AD2F-69EF9DC1B3EC}.Release|x64.ActiveCfg = Release|Any CPU
		{7823C46A-3B22-416A-AD2F-69EF9DC1B3EC}.Release|x64.Build.0 = Release|Any CPU
		{7823C46A-3B22-416A-AD2F-69EF9DC1B3EC}.Release|x64.Deploy.0 = Release|Any CPU
		{7823C46A-3B22-416A-AD2F-69EF9DC1B3EC}.Release|x86.ActiveCfg = Release|Any CPU
		{7823C46A-3B22-416A-AD2F-69EF9DC1B3EC}.Release|x86.Build.0 = Release|Any CPU
		{7823C46A-3B22-416A-AD2F-69EF9DC1B3EC}.Release|x86.Deploy.0 = Release|Any CPU
		{893DBBB8-3781-4256-9427-D4B2A7C57718}.Debug|Any CPU.ActiveCfg = Debug|Any CPU
		{893DBBB8-3781-4256-9427-D4B2A7C57718}.Debug|Any CPU.Build.0 = Debug|Any CPU
		{893DBBB8-3781-4256-9427-D4B2A7C57718}.Debug|ARM.ActiveCfg = Debug|Any CPU
		{893DBBB8-3781-4256-9427-D4B2A7C57718}.Debug|ARM.Build.0 = Debug|Any CPU
		{893DBBB8-3781-4256-9427-D4B2A7C57718}.Debug|ARM64.ActiveCfg = Debug|Any CPU
		{893DBBB8-3781-4256-9427-D4B2A7C57718}.Debug|ARM64.Build.0 = Debug|Any CPU
		{893DBBB8-3781-4256-9427-D4B2A7C57718}.Debug|iPhone.ActiveCfg = Debug|Any CPU
		{893DBBB8-3781-4256-9427-D4B2A7C57718}.Debug|iPhone.Build.0 = Debug|Any CPU
		{893DBBB8-3781-4256-9427-D4B2A7C57718}.Debug|iPhoneSimulator.ActiveCfg = Debug|Any CPU
		{893DBBB8-3781-4256-9427-D4B2A7C57718}.Debug|iPhoneSimulator.Build.0 = Debug|Any CPU
		{893DBBB8-3781-4256-9427-D4B2A7C57718}.Debug|x64.ActiveCfg = Debug|Any CPU
		{893DBBB8-3781-4256-9427-D4B2A7C57718}.Debug|x64.Build.0 = Debug|Any CPU
		{893DBBB8-3781-4256-9427-D4B2A7C57718}.Debug|x86.ActiveCfg = Debug|Any CPU
		{893DBBB8-3781-4256-9427-D4B2A7C57718}.Debug|x86.Build.0 = Debug|Any CPU
		{893DBBB8-3781-4256-9427-D4B2A7C57718}.Release|Any CPU.ActiveCfg = Release|Any CPU
		{893DBBB8-3781-4256-9427-D4B2A7C57718}.Release|Any CPU.Build.0 = Release|Any CPU
		{893DBBB8-3781-4256-9427-D4B2A7C57718}.Release|ARM.ActiveCfg = Release|Any CPU
		{893DBBB8-3781-4256-9427-D4B2A7C57718}.Release|ARM.Build.0 = Release|Any CPU
		{893DBBB8-3781-4256-9427-D4B2A7C57718}.Release|ARM64.ActiveCfg = Release|Any CPU
		{893DBBB8-3781-4256-9427-D4B2A7C57718}.Release|ARM64.Build.0 = Release|Any CPU
		{893DBBB8-3781-4256-9427-D4B2A7C57718}.Release|iPhone.ActiveCfg = Release|Any CPU
		{893DBBB8-3781-4256-9427-D4B2A7C57718}.Release|iPhone.Build.0 = Release|Any CPU
		{893DBBB8-3781-4256-9427-D4B2A7C57718}.Release|iPhoneSimulator.ActiveCfg = Release|Any CPU
		{893DBBB8-3781-4256-9427-D4B2A7C57718}.Release|iPhoneSimulator.Build.0 = Release|Any CPU
		{893DBBB8-3781-4256-9427-D4B2A7C57718}.Release|x64.ActiveCfg = Release|Any CPU
		{893DBBB8-3781-4256-9427-D4B2A7C57718}.Release|x64.Build.0 = Release|Any CPU
		{893DBBB8-3781-4256-9427-D4B2A7C57718}.Release|x86.ActiveCfg = Release|Any CPU
		{893DBBB8-3781-4256-9427-D4B2A7C57718}.Release|x86.Build.0 = Release|Any CPU
	EndGlobalSection
	GlobalSection(SolutionProperties) = preSolution
		HideSolutionNode = FALSE
	EndGlobalSection
	GlobalSection(NestedProjects) = preSolution
		{4455FA4D-A5FD-4545-8465-78F338C310EC} = {7AC91235-A6FD-454E-81C4-15266892B7CB}
		{C3389290-7C66-47A8-A692-8114DD414C6D} = {1C796698-DFC0-4340-9AFD-CD4253B9B793}
		{BF3C1E87-79EE-4180-B69C-F16FEF691934} = {1C796698-DFC0-4340-9AFD-CD4253B9B793}
		{7823C46A-3B22-416A-AD2F-69EF9DC1B3EC} = {1C796698-DFC0-4340-9AFD-CD4253B9B793}
		{893DBBB8-3781-4256-9427-D4B2A7C57718} = {7AC91235-A6FD-454E-81C4-15266892B7CB}
	EndGlobalSection
	GlobalSection(ExtensibilityGlobals) = postSolution
		SolutionGuid = {7A54F6D4-47FD-4D11-8FAD-C453FBDE5A79}
	EndGlobalSection
EndGlobal
